
Microsoft Visual Studio Solution File, Format Version 12.00
# Visual Studio Version 16
VisualStudioVersion = 16.0.30621.155
MinimumVisualStudioVersion = 10.0.40219.1
Project("{FAE04EC0-301F-11D3-BF4B-00C04F79EFBC}") = "SuperCollection", "SuperCollection\SuperCollection.csproj", "{47E3AAA3-8813-4442-AB94-750BE51DAEA3}"
EndProject
Global
	GlobalSection(SolutionConfigurationPlatforms) = preSolution
		Debug|Any CPU = Debug|Any CPU
		Release|Any CPU = Release|Any CPU
	EndGlobalSection
	GlobalSection(ProjectConfigurationPlatforms) = postSolution
		{47E3AAA3-8813-4442-AB94-750BE51DAEA3}.Debug|Any CPU.ActiveCfg = Debug|Any CPU
		{47E3AAA3-8813-4442-AB94-750BE51DAEA3}.Debug|Any CPU.Build.0 = Debug|Any CPU
		{47E3AAA3-8813-4442-AB94-750BE51DAEA3}.Release|Any CPU.ActiveCfg = Release|Any CPU
		{47E3AAA3-8813-4442-AB94-750BE51DAEA3}.Release|Any CPU.Build.0 = Release|Any CPU
	EndGlobalSection
	GlobalSection(SolutionProperties) = preSolution
		HideSolutionNode = FALSE
	EndGlobalSection
	GlobalSection(ExtensibilityGlobals) = postSolution
		SolutionGuid = {DD405370-B168-4CAE-A3D9-5FBDD742ED4D}
	EndGlobalSection
EndGlobal
