
Microsoft Visual Studio Solution File, Format Version 12.00
# Visual Studio Version 16
VisualStudioVersion = 16.0.30621.155
MinimumVisualStudioVersion = 10.0.40219.1
Project("{FAE04EC0-301F-11D3-BF4B-00C04F79EFBC}") = "Lesson10", "Lesson10\Lesson10.csproj", "{6DED579E-67F6-485A-A6DE-3A4E52C5A6A8}"
EndProject
Global
	GlobalSection(SolutionConfigurationPlatforms) = preSolution
		Debug|Any CPU = Debug|Any CPU
		Release|Any CPU = Release|Any CPU
	EndGlobalSection
	GlobalSection(ProjectConfigurationPlatforms) = postSolution
		{6DED579E-67F6-485A-A6DE-3A4E52C5A6A8}.Debug|Any CPU.ActiveCfg = Debug|Any CPU
		{6DED579E-67F6-485A-A6DE-3A4E52C5A6A8}.Debug|Any CPU.Build.0 = Debug|Any CPU
		{6DED579E-67F6-485A-A6DE-3A4E52C5A6A8}.Release|Any CPU.ActiveCfg = Release|Any CPU
		{6DED579E-67F6-485A-A6DE-3A4E52C5A6A8}.Release|Any CPU.Build.0 = Release|Any CPU
	EndGlobalSection
	GlobalSection(SolutionProperties) = preSolution
		HideSolutionNode = FALSE
	EndGlobalSection
	GlobalSection(ExtensibilityGlobals) = postSolution
		SolutionGuid = {978F4444-03BC-40A7-8780-FC8AB433B55A}
	EndGlobalSection
EndGlobal
