
Microsoft Visual Studio Solution File, Format Version 12.00
# Visual Studio Version 16
VisualStudioVersion = 16.0.30621.155
MinimumVisualStudioVersion = 10.0.40219.1
Project("{FAE04EC0-301F-11D3-BF4B-00C04F79EFBC}") = "Matrix", "Matrix\Matrix.csproj", "{873D5AA7-6584-4820-8E2A-69B3C5791666}"
EndProject
Project("{FAE04EC0-301F-11D3-BF4B-00C04F79EFBC}") = "ForCheck", "ForCheck\ForCheck.csproj", "{381346B6-4357-4205-9659-6F7DE04C0C63}"
EndProject
Global
	GlobalSection(SolutionConfigurationPlatforms) = preSolution
		Debug|Any CPU = Debug|Any CPU
		Release|Any CPU = Release|Any CPU
	EndGlobalSection
	GlobalSection(ProjectConfigurationPlatforms) = postSolution
		{873D5AA7-6584-4820-8E2A-69B3C5791666}.Debug|Any CPU.ActiveCfg = Debug|Any CPU
		{873D5AA7-6584-4820-8E2A-69B3C5791666}.Debug|Any CPU.Build.0 = Debug|Any CPU
		{873D5AA7-6584-4820-8E2A-69B3C5791666}.Release|Any CPU.ActiveCfg = Release|Any CPU
		{873D5AA7-6584-4820-8E2A-69B3C5791666}.Release|Any CPU.Build.0 = Release|Any CPU
		{381346B6-4357-4205-9659-6F7DE04C0C63}.Debug|Any CPU.ActiveCfg = Debug|Any CPU
		{381346B6-4357-4205-9659-6F7DE04C0C63}.Debug|Any CPU.Build.0 = Debug|Any CPU
		{381346B6-4357-4205-9659-6F7DE04C0C63}.Release|Any CPU.ActiveCfg = Release|Any CPU
		{381346B6-4357-4205-9659-6F7DE04C0C63}.Release|Any CPU.Build.0 = Release|Any CPU
	EndGlobalSection
	GlobalSection(SolutionProperties) = preSolution
		HideSolutionNode = FALSE
	EndGlobalSection
	GlobalSection(ExtensibilityGlobals) = postSolution
		SolutionGuid = {11A092AE-776F-49D4-8EC7-C6E72DE5E9F7}
	EndGlobalSection
EndGlobal
