
Microsoft Visual Studio Solution File, Format Version 12.00
# Visual Studio Version 16
VisualStudioVersion = 16.0.30621.155
MinimumVisualStudioVersion = 10.0.40219.1
Project("{FAE04EC0-301F-11D3-BF4B-00C04F79EFBC}") = "Lesson12", "Lesson12\Lesson12.csproj", "{B7ECD1A5-808F-42D1-9C53-9CDE7B340C20}"
EndProject
Global
	GlobalSection(SolutionConfigurationPlatforms) = preSolution
		Debug|Any CPU = Debug|Any CPU
		Release|Any CPU = Release|Any CPU
	EndGlobalSection
	GlobalSection(ProjectConfigurationPlatforms) = postSolution
		{B7ECD1A5-808F-42D1-9C53-9CDE7B340C20}.Debug|Any CPU.ActiveCfg = Debug|Any CPU
		{B7ECD1A5-808F-42D1-9C53-9CDE7B340C20}.Debug|Any CPU.Build.0 = Debug|Any CPU
		{B7ECD1A5-808F-42D1-9C53-9CDE7B340C20}.Release|Any CPU.ActiveCfg = Release|Any CPU
		{B7ECD1A5-808F-42D1-9C53-9CDE7B340C20}.Release|Any CPU.Build.0 = Release|Any CPU
	EndGlobalSection
	GlobalSection(SolutionProperties) = preSolution
		HideSolutionNode = FALSE
	EndGlobalSection
	GlobalSection(ExtensibilityGlobals) = postSolution
		SolutionGuid = {103D106E-82F4-45C5-9CB6-D69EEF09CA7A}
	EndGlobalSection
EndGlobal
