
Microsoft Visual Studio Solution File, Format Version 12.00
# Visual Studio Version 16
VisualStudioVersion = 16.0.30621.155
MinimumVisualStudioVersion = 10.0.40219.1
Project("{FAE04EC0-301F-11D3-BF4B-00C04F79EFBC}") = "ProductInventoryProject", "ProductInventoryProject\ProductInventoryProject.csproj", "{34D8CF9D-469B-4E96-8BEB-4393FD913552}"
EndProject
Global
	GlobalSection(SolutionConfigurationPlatforms) = preSolution
		Debug|Any CPU = Debug|Any CPU
		Release|Any CPU = Release|Any CPU
	EndGlobalSection
	GlobalSection(ProjectConfigurationPlatforms) = postSolution
		{34D8CF9D-469B-4E96-8BEB-4393FD913552}.Debug|Any CPU.ActiveCfg = Debug|Any CPU
		{34D8CF9D-469B-4E96-8BEB-4393FD913552}.Debug|Any CPU.Build.0 = Debug|Any CPU
		{34D8CF9D-469B-4E96-8BEB-4393FD913552}.Release|Any CPU.ActiveCfg = Release|Any CPU
		{34D8CF9D-469B-4E96-8BEB-4393FD913552}.Release|Any CPU.Build.0 = Release|Any CPU
	EndGlobalSection
	GlobalSection(SolutionProperties) = preSolution
		HideSolutionNode = FALSE
	EndGlobalSection
	GlobalSection(ExtensibilityGlobals) = postSolution
		SolutionGuid = {571C8C8A-817C-4DBC-8AEA-BDD949E88EA9}
	EndGlobalSection
EndGlobal
